// !$*UTF8*$!
{
	archiveVersion = 1;
	classes = {
	};
	objectVersion = 46;
	objects = {

/* Begin PBXBuildFile section */
		9BD71D4B15ECC98F009C505E /* UIKit.framework in Frameworks */ = {isa = PBXBuildFile; fileRef = 9BD71D4A15ECC98F009C505E /* UIKit.framework */; };
		9BD71D4D15ECC98F009C505E /* Foundation.framework in Frameworks */ = {isa = PBXBuildFile; fileRef = 9BD71D4C15ECC98F009C505E /* Foundation.framework */; };
		9BD71D4F15ECC98F009C505E /* CoreGraphics.framework in Frameworks */ = {isa = PBXBuildFile; fileRef = 9BD71D4E15ECC98F009C505E /* CoreGraphics.framework */; };
		9BD71D5515ECC98F009C505E /* InfoPlist.strings in Resources */ = {isa = PBXBuildFile; fileRef = 9BD71D5315ECC98F009C505E /* InfoPlist.strings */; };
		9BD71D5715ECC98F009C505E /* main.m in Sources */ = {isa = PBXBuildFile; fileRef = 9BD71D5615ECC98F009C505E /* main.m */; };
		9BD71D5B15ECC98F009C505E /* AppDelegate.m in Sources */ = {isa = PBXBuildFile; fileRef = 9BD71D5A15ECC98F009C505E /* AppDelegate.m */; };
		9BD71D5E15ECC98F009C505E /* MainStoryboard.storyboard in Resources */ = {isa = PBXBuildFile; fileRef = 9BD71D5C15ECC98F009C505E /* MainStoryboard.storyboard */; };
		9BD71D6115ECC98F009C505E /* ViewController.m in Sources */ = {isa = PBXBuildFile; fileRef = 9BD71D6015ECC98F009C505E /* ViewController.m */; };
/* End PBXBuildFile section */

/* Begin PBXFileReference section */
		9BD71D4615ECC98F009C505E /* MagicMap.app */ = {isa = PBXFileReference; explicitFileType = wrapper.application; includeInIndex = 0; path = MagicMap.app; sourceTree = BUILT_PRODUCTS_DIR; };
		9BD71D4A15ECC98F009C505E /* UIKit.framework */ = {isa = PBXFileReference; lastKnownFileType = wrapper.framework; name = UIKit.framework; path = System/Library/Frameworks/UIKit.framework; sourceTree = SDKROOT; };
		9BD71D4C15ECC98F009C505E /* Foundation.framework */ = {isa = PBXFileReference; lastKnownFileType = wrapper.framework; name = Foundation.framework; path = System/Library/Frameworks/Foundation.framework; sourceTree = SDKROOT; };
		9BD71D4E15ECC98F009C505E /* CoreGraphics.framework */ = {isa = PBXFileReference; lastKnownFileType = wrapper.framework; name = CoreGraphics.framework; path = System/Library/Frameworks/CoreGraphics.framework; sourceTree = SDKROOT; };
		9BD71D5215ECC98F009C505E /* MagicMap-Info.plist */ = {isa = PBXFileReference; lastKnownFileType = text.plist.xml; path = "MagicMap-Info.plist"; sourceTree = "<group>"; };
		9BD71D5415ECC98F009C505E /* en */ = {isa = PBXFileReference; lastKnownFileType = text.plist.strings; name = en; path = en.lproj/InfoPlist.strings; sourceTree = "<group>"; };
		9BD71D5615ECC98F009C505E /* main.m */ = {isa = PBXFileReference; lastKnownFileType = sourcecode.c.objc; path = main.m; sourceTree = "<group>"; };
		9BD71D5815ECC98F009C505E /* MagicMap-Prefix.pch */ = {isa = PBXFileReference; lastKnownFileType = sourcecode.c.h; path = "MagicMap-Prefix.pch"; sourceTree = "<group>"; };
		9BD71D5915ECC98F009C505E /* AppDelegate.h */ = {isa = PBXFileReference; lastKnownFileType = sourcecode.c.h; path = AppDelegate.h; sourceTree = "<group>"; };
		9BD71D5A15ECC98F009C505E /* AppDelegate.m */ = {isa = PBXFileReference; lastKnownFileType = sourcecode.c.objc; path = AppDelegate.m; sourceTree = "<group>"; };
		9BD71D5D15ECC98F009C505E /* en */ = {isa = PBXFileReference; lastKnownFileType = file.storyboard; name = en; path = en.lproj/MainStoryboard.storyboard; sourceTree = "<group>"; };
		9BD71D5F15ECC98F009C505E /* ViewController.h */ = {isa = PBXFileReference; lastKnownFileType = sourcecode.c.h; path = ViewController.h; sourceTree = "<group>"; };
		9BD71D6015ECC98F009C505E /* ViewController.m */ = {isa = PBXFileReference; lastKnownFileType = sourcecode.c.objc; path = ViewController.m; sourceTree = "<group>"; };
/* End PBXFileReference section */

/* Begin PBXFrameworksBuildPhase section */
		9BD71D4315ECC98F009C505E /* Frameworks */ = {
			isa = PBXFrameworksBuildPhase;
			buildActionMask = 2147483647;
			files = (
				9BD71D4B15ECC98F009C505E /* UIKit.framework in Frameworks */,
				9BD71D4D15ECC98F009C505E /* Foundation.framework in Frameworks */,
				9BD71D4F15ECC98F009C505E /* CoreGraphics.framework in Frameworks */,
			);
			runOnlyForDeploymentPostprocessing = 0;
		};
/* End PBXFrameworksBuildPhase section */

/* Begin PBXGroup section */
		9BD71D3B15ECC98F009C505E = {
			isa = PBXGroup;
			children = (
				9BD71D5015ECC98F009C505E /* MagicMap */,
				9BD71D4915ECC98F009C505E /* Frameworks */,
				9BD71D4715ECC98F009C505E /* Products */,
			);
			sourceTree = "<group>";
		};
		9BD71D4715ECC98F009C505E /* Products */ = {
			isa = PBXGroup;
			children = (
				9BD71D4615ECC98F009C505E /* MagicMap.app */,
			);
			name = Products;
			sourceTree = "<group>";
		};
		9BD71D4915ECC98F009C505E /* Frameworks */ = {
			isa = PBXGroup;
			children = (
				9BD71D4A15ECC98F009C505E /* UIKit.framework */,
				9BD71D4C15ECC98F009C505E /* Foundation.framework */,
				9BD71D4E15ECC98F009C505E /* CoreGraphics.framework */,
			);
			name = Frameworks;
			sourceTree = "<group>";
		};
		9BD71D5015ECC98F009C505E /* MagicMap */ = {
			isa = PBXGroup;
			children = (
				9BD71D5915ECC98F009C505E /* AppDelegate.h */,
				9BD71D5A15ECC98F009C505E /* AppDelegate.m */,
				9BD71D5C15ECC98F009C505E /* MainStoryboard.storyboard */,
				9BD71D5F15ECC98F009C505E /* ViewController.h */,
				9BD71D6015ECC98F009C505E /* ViewController.m */,
				9BD71D5115ECC98F009C505E /* Supporting Files */,
			);
			path = MagicMap;
			sourceTree = "<group>";
		};
		9BD71D5115ECC98F009C505E /* Supporting Files */ = {
			isa = PBXGroup;
			children = (
				9BD71D5215ECC98F009C505E /* MagicMap-Info.plist */,
				9BD71D5315ECC98F009C505E /* InfoPlist.strings */,
				9BD71D5615ECC98F009C505E /* main.m */,
				9BD71D5815ECC98F009C505E /* MagicMap-Prefix.pch */,
			);
			name = "Supporting Files";
			sourceTree = "<group>";
		};
/* End PBXGroup section */

/* Begin PBXNativeTarget section */
		9BD71D4515ECC98F009C505E /* MagicMap */ = {
			isa = PBXNativeTarget;
			buildConfigurationList = 9BD71D6415ECC98F009C505E /* Build configuration list for PBXNativeTarget "MagicMap" */;
			buildPhases = (
				9BD71D4215ECC98F009C505E /* Sources */,
				9BD71D4315ECC98F009C505E /* Frameworks */,
				9BD71D4415ECC98F009C505E /* Resources */,
			);
			buildRules = (
			);
			dependencies = (
			);
			name = MagicMap;
			productName = MagicMap;
			productReference = 9BD71D4615ECC98F009C505E /* MagicMap.app */;
			productType = "com.apple.product-type.application";
		};
/* End PBXNativeTarget section */

/* Begin PBXProject section */
		9BD71D3D15ECC98F009C505E /* Project object */ = {
			isa = PBXProject;
			attributes = {
				LastUpgradeCheck = 0440;
				ORGANIZATIONNAME = "Richard Francis";
			};
			buildConfigurationList = 9BD71D4015ECC98F009C505E /* Build configuration list for PBXProject "MagicMap" */;
			compatibilityVersion = "Xcode 3.2";
			developmentRegion = English;
			hasScannedForEncodings = 0;
			knownRegions = (
				en,
			);
			mainGroup = 9BD71D3B15ECC98F009C505E;
			productRefGroup = 9BD71D4715ECC98F009C505E /* Products */;
			projectDirPath = "";
			projectRoot = "";
			targets = (
				9BD71D4515ECC98F009C505E /* MagicMap */,
			);
		};
/* End PBXProject section */

/* Begin PBXResourcesBuildPhase section */
		9BD71D4415ECC98F009C505E /* Resources */ = {
			isa = PBXResourcesBuildPhase;
			buildActionMask = 2147483647;
			files = (
				9BD71D5515ECC98F009C505E /* InfoPlist.strings in Resources */,
				9BD71D5E15ECC98F009C505E /* MainStoryboard.storyboard in Resources */,
			);
			runOnlyForDeploymentPostprocessing = 0;
		};
/* End PBXResourcesBuildPhase section */

/* Begin PBXSourcesBuildPhase section */
		9BD71D4215ECC98F009C505E /* Sources */ = {
			isa = PBXSourcesBuildPhase;
			buildActionMask = 2147483647;
			files = (
				9BD71D5715ECC98F009C505E /* main.m in Sources */,
				9BD71D5B15ECC98F009C505E /* AppDelegate.m in Sources */,
				9BD71D6115ECC98F009C505E /* ViewController.m in Sources */,
			);
			runOnlyForDeploymentPostprocessing = 0;
		};
/* End PBXSourcesBuildPhase section */

/* Begin PBXVariantGroup section */
		9BD71D5315ECC98F009C505E /* InfoPlist.strings */ = {
			isa = PBXVariantGroup;
			children = (
				9BD71D5415ECC98F009C505E /* en */,
			);
			name = InfoPlist.strings;
			sourceTree = "<group>";
		};
		9BD71D5C15ECC98F009C505E /* MainStoryboard.storyboard */ = {
			isa = PBXVariantGroup;
			children = (
				9BD71D5D15ECC98F009C505E /* en */,
			);
			name = MainStoryboard.storyboard;
			sourceTree = "<group>";
		};
/* End PBXVariantGroup section */

/* Begin XCBuildConfiguration section */
		9BD71D6215ECC98F009C505E /* Debug */ = {
			isa = XCBuildConfiguration;
			buildSettings = {
				ALWAYS_SEARCH_USER_PATHS = NO;
				ARCHS = "$(ARCHS_STANDARD_32_BIT)";
				CLANG_CXX_LANGUAGE_STANDARD = "gnu++0x";
				CLANG_WARN__DUPLICATE_METHOD_MATCH = YES;
				"CODE_SIGN_IDENTITY[sdk=iphoneos*]" = "iPhone Developer";
				COPY_PHASE_STRIP = NO;
				GCC_C_LANGUAGE_STANDARD = gnu99;
				GCC_DYNAMIC_NO_PIC = NO;
				GCC_OPTIMIZATION_LEVEL = 0;
				GCC_PREPROCESSOR_DEFINITIONS = (
					"DEBUG=1",
					"$(inherited)",
				);
				GCC_SYMBOLS_PRIVATE_EXTERN = NO;
				GCC_VERSION = com.apple.compilers.llvm.clang.1_0;
				GCC_WARN_ABOUT_RETURN_TYPE = YES;
				GCC_WARN_UNINITIALIZED_AUTOS = YES;
				GCC_WARN_UNUSED_VARIABLE = YES;
				IPHONEOS_DEPLOYMENT_TARGET = 5.1;
				SDKROOT = iphoneos;
			};
			name = Debug;
		};
		9BD71D6315ECC98F009C505E /* Release */ = {
			isa = XCBuildConfiguration;
			buildSettings = {
				ALWAYS_SEARCH_USER_PATHS = NO;
				ARCHS = "$(ARCHS_STANDARD_32_BIT)";
				CLANG_CXX_LANGUAGE_STANDARD = "gnu++0x";
				CLANG_WARN__DUPLICATE_METHOD_MATCH = YES;
				"CODE_SIGN_IDENTITY[sdk=iphoneos*]" = "iPhone Developer";
				COPY_PHASE_STRIP = YES;
				GCC_C_LANGUAGE_STANDARD = gnu99;
				GCC_VERSION = com.apple.compilers.llvm.clang.1_0;
				GCC_WARN_ABOUT_RETURN_TYPE = YES;
				GCC_WARN_UNINITIALIZED_AUTOS = YES;
				GCC_WARN_UNUSED_VARIABLE = YES;
				IPHONEOS_DEPLOYMENT_TARGET = 5.1;
				OTHER_CFLAGS = "-DNS_BLOCK_ASSERTIONS=1";
				SDKROOT = iphoneos;
				VALIDATE_PRODUCT = YES;
			};
			name = Release;
		};
		9BD71D6515ECC98F009C505E /* Debug */ = {
			isa = XCBuildConfiguration;
			buildSettings = {
				GCC_PRECOMPILE_PREFIX_HEADER = YES;
				GCC_PREFIX_HEADER = "MagicMap/MagicMap-Prefix.pch";
				INFOPLIST_FILE = "MagicMap/MagicMap-Info.plist";
				PRODUCT_NAME = "$(TARGET_NAME)";
				WRAPPER_EXTENSION = app;
			};
			name = Debug;
		};
		9BD71D6615ECC98F009C505E /* Release */ = {
			isa = XCBuildConfiguration;
			buildSettings = {
				GCC_PRECOMPILE_PREFIX_HEADER = YES;
				GCC_PREFIX_HEADER = "MagicMap/MagicMap-Prefix.pch";
				INFOPLIST_FILE = "MagicMap/MagicMap-Info.plist";
				PRODUCT_NAME = "$(TARGET_NAME)";
				WRAPPER_EXTENSION = app;
			};
			name = Release;
		};
/* End XCBuildConfiguration section */

/* Begin XCConfigurationList section */
		9BD71D4015ECC98F009C505E /* Build configuration list for PBXProject "MagicMap" */ = {
			isa = XCConfigurationList;
			buildConfigurations = (
				9BD71D6215ECC98F009C505E /* Debug */,
				9BD71D6315ECC98F009C505E /* Release */,
			);
			defaultConfigurationIsVisible = 0;
			defaultConfigurationName = Release;
		};
		9BD71D6415ECC98F009C505E /* Build configuration list for PBXNativeTarget "MagicMap" */ = {
			isa = XCConfigurationList;
			buildConfigurations = (
				9BD71D6515ECC98F009C505E /* Debug */,
				9BD71D6615ECC98F009C505E /* Release */,
			);
			defaultConfigurationIsVisible = 0;
		};
/* End XCConfigurationList section */
	};
	rootObject = 9BD71D3D15ECC98F009C505E /* Project object */;
}
